
Microsoft Visual Studio Solution File, Format Version 12.00
# Visual Studio 15
VisualStudioVersion = 15.0.27428.2005
MinimumVisualStudioVersion = 10.0.40219.1
Project("{FAE04EC0-301F-11D3-BF4B-00C04F79EFBC}") = "MyFirstApp", "MyFirstApp\MyFirstApp.csproj", "{087BC913-D5BA-4DD3-B468-189680FF6656}"
EndProject
Global
	GlobalSection(SolutionConfigurationPlatforms) = preSolution
		Debug|Any CPU = Debug|Any CPU
		Release|Any CPU = Release|Any CPU
	EndGlobalSection
	GlobalSection(ProjectConfigurationPlatforms) = postSolution
		{087BC913-D5BA-4DD3-B468-189680FF6656}.Debug|Any CPU.ActiveCfg = Debug|Any CPU
		{087BC913-D5BA-4DD3-B468-189680FF6656}.Debug|Any CPU.Build.0 = Debug|Any CPU
		{087BC913-D5BA-4DD3-B468-189680FF6656}.Release|Any CPU.ActiveCfg = Release|Any CPU
		{087BC913-D5BA-4DD3-B468-189680FF6656}.Release|Any CPU.Build.0 = Release|Any CPU
	EndGlobalSection
	GlobalSection(SolutionProperties) = preSolution
		HideSolutionNode = FALSE
	EndGlobalSection
	GlobalSection(ExtensibilityGlobals) = postSolution
		SolutionGuid = {A087189C-CC1B-4551-BAD6-227A26F3BC51}
	EndGlobalSection
EndGlobal
